
Microsoft Visual Studio Solution File, Format Version 12.00
# Visual Studio Version 17
VisualStudioVersion = 17.0.31919.166
MinimumVisualStudioVersion = 10.0.40219.1
Project("{FAE04EC0-301F-11D3-BF4B-00C04F79EFBC}") = "Login", "Login\Login.csproj", "{90815F1C-FC4F-435D-9117-ABB0EF6EA69F}"
EndProject
Global
	GlobalSection(SolutionConfigurationPlatforms) = preSolution
		Debug|Any CPU = Debug|Any CPU
		Release|Any CPU = Release|Any CPU
	EndGlobalSection
	GlobalSection(ProjectConfigurationPlatforms) = postSolution
		{90815F1C-FC4F-435D-9117-ABB0EF6EA69F}.Debug|Any CPU.ActiveCfg = Debug|Any CPU
		{90815F1C-FC4F-435D-9117-ABB0EF6EA69F}.Debug|Any CPU.Build.0 = Debug|Any CPU
		{90815F1C-FC4F-435D-9117-ABB0EF6EA69F}.Release|Any CPU.ActiveCfg = Release|Any CPU
		{90815F1C-FC4F-435D-9117-ABB0EF6EA69F}.Release|Any CPU.Build.0 = Release|Any CPU
	EndGlobalSection
	GlobalSection(SolutionProperties) = preSolution
		HideSolutionNode = FALSE
	EndGlobalSection
	GlobalSection(ExtensibilityGlobals) = postSolution
		SolutionGuid = {10D00351-B730-4EF1-9E2B-577DB94A9079}
	EndGlobalSection
EndGlobal
